{
  "name": "resurgence-city-schools-staff-attendance",
  "version": "1.0.0",
  "lockfileVersion": 3,
  "requires": true,
  "packages": {
    "": {
      "name": "resurgence-city-schools-staff-attendance",
      "version": "1.0.0",
      "engines": {
        "node": "20"
      },
      "dependencies": {
        "bcryptjs": "^3.0.2",
        "express": "^5.1.0",
        "helmet": "^8.1.0",
        "jsonwebtoken": "^9.0.2",
        "pg": "^8.16.3"
      }
    }
  }
}
